
Microsoft Visual Studio Solution File, Format Version 12.00
# Visual Studio 15
VisualStudioVersion = 15.0.26430.14
MinimumVisualStudioVersion = 10.0.40219.1
Project("{FAE04EC0-301F-11D3-BF4B-00C04F79EFBC}") = "SmartStore.Manager", "SmartStore.Manager\SmartStore.Manager.csproj", "{1CD5EBB4-6169-465A-BDC4-CA60B4CEA297}"
EndProject
Project("{FAE04EC0-301F-11D3-BF4B-00C04F79EFBC}") = "SmartStore.Manager.Core", "SmartStore.Manager.Core\SmartStore.Manager.Core.csproj", "{17EB81E5-9FBB-4616-8306-2A274112D942}"
EndProject
Project("{FAE04EC0-301F-11D3-BF4B-00C04F79EFBC}") = "SmartStore.Manager.Application", "SmartStore.Manager.Application\SmartStore.Manager.Application.csproj", "{43F4B94A-8DED-4496-B292-F919326C9A5B}"
EndProject
Project("{2150E333-8FDC-42A3-9474-1A3956D46DE8}") = "2 Application(应用层)", "2 Application(应用层)", "{7C998D82-9B1D-4BA3-A4AC-0363D6831462}"
EndProject
Project("{2150E333-8FDC-42A3-9474-1A3956D46DE8}") = "3 Domain(领域层)", "3 Domain(领域层)", "{2E92946E-3DF4-4B22-BBF6-850E0BA57A48}"
EndProject
Project("{2150E333-8FDC-42A3-9474-1A3956D46DE8}") = "4 Infrastructure(基础层)", "4 Infrastructure(基础层)", "{EEC523C0-9162-4A22-8901-CDB8E07C2B76}"
EndProject
Project("{2150E333-8FDC-42A3-9474-1A3956D46DE8}") = "5 Repository(仓储层)", "5 Repository(仓储层)", "{2B05FCAA-4F79-434C-8610-93D7049F908E}"
EndProject
Project("{2150E333-8FDC-42A3-9474-1A3956D46DE8}") = "6 Test(测试)", "6 Test(测试)", "{276FC8CA-833E-42C9-BEDB-AF20945BCCB2}"
EndProject
Project("{2150E333-8FDC-42A3-9474-1A3956D46DE8}") = "1 Presentation(用户UI)", "1 Presentation(用户UI)", "{3C7CBA92-4708-4785-BD67-5F629AA9DC77}"
EndProject
Project("{FAE04EC0-301F-11D3-BF4B-00C04F79EFBC}") = "SmartStore.Manager.Web", "SmartStore.Manager.Web\SmartStore.Manager.Web.csproj", "{431C59B0-2D41-4DAC-BB7D-11327D237853}"
EndProject
Project("{FAE04EC0-301F-11D3-BF4B-00C04F79EFBC}") = "SmartStore.Manager.Api", "SmartStore.Manager.Api\SmartStore.Manager.Api.csproj", "{06E8056B-15E5-4E92-A05E-A99C02C304B8}"
EndProject
Project("{FAE04EC0-301F-11D3-BF4B-00C04F79EFBC}") = "SmartStore.Manager.App", "SmartStore.Manager.App\SmartStore.Manager.App.csproj", "{42096CA0-8A8B-437A-9516-CC38329533AC}"
EndProject
Project("{FAE04EC0-301F-11D3-BF4B-00C04F79EFBC}") = "SmartStore.Manager.Infrastructure", "Infrastructure\SmartStore.Manager.Infrastructure.csproj", "{A8C9112F-AA2C-4EA8-B6C2-18D1C9C941B2}"
EndProject
Project("{FAE04EC0-301F-11D3-BF4B-00C04F79EFBC}") = "SmartStore.Manager.Repository", "SmartStore.Manager.Service\SmartStore.Manager.Repository.csproj", "{EA037052-B23E-47DA-AE8C-B0A8E2E9E802}"
EndProject
Project("{FAE04EC0-301F-11D3-BF4B-00C04F79EFBC}") = "SmartStore.Manager.Domain", "SmartStore.Manager.Domain\SmartStore.Manager.Domain.csproj", "{1F18AAB6-C8A9-44EA-83EC-1812BB3B575E}"
EndProject
Project("{FAE04EC0-301F-11D3-BF4B-00C04F79EFBC}") = "SmartStore.Manager.Dto", "SmartStore.Manager.Dto\SmartStore.Manager.Dto.csproj", "{9D3D6633-42A0-41B1-80C0-13032CEA38FA}"
EndProject
Project("{FAE04EC0-301F-11D3-BF4B-00C04F79EFBC}") = "SmartStore.Manager.Model", "SmartStore.Manager.Model\SmartStore.Manager.Model.csproj", "{8567CB70-E39D-44AE-9A9E-838724B65D54}"
EndProject
Project("{FAE04EC0-301F-11D3-BF4B-00C04F79EFBC}") = "SamrtStore.Test", "SamrtStore.Test\SamrtStore.Test.csproj", "{9EB61679-D9AE-4338-91CE-0E93CA216A24}"
EndProject
Global
	GlobalSection(SolutionConfigurationPlatforms) = preSolution
		Debug|Any CPU = Debug|Any CPU
		Debug|ARM = Debug|ARM
		Debug|x64 = Debug|x64
		Debug|x86 = Debug|x86
		Release|Any CPU = Release|Any CPU
		Release|ARM = Release|ARM
		Release|x64 = Release|x64
		Release|x86 = Release|x86
	EndGlobalSection
	GlobalSection(ProjectConfigurationPlatforms) = postSolution
		{1CD5EBB4-6169-465A-BDC4-CA60B4CEA297}.Debug|Any CPU.ActiveCfg = Debug|Any CPU
		{1CD5EBB4-6169-465A-BDC4-CA60B4CEA297}.Debug|Any CPU.Build.0 = Debug|Any CPU
		{1CD5EBB4-6169-465A-BDC4-CA60B4CEA297}.Debug|ARM.ActiveCfg = Debug|Any CPU
		{1CD5EBB4-6169-465A-BDC4-CA60B4CEA297}.Debug|ARM.Build.0 = Debug|Any CPU
		{1CD5EBB4-6169-465A-BDC4-CA60B4CEA297}.Debug|x64.ActiveCfg = Debug|Any CPU
		{1CD5EBB4-6169-465A-BDC4-CA60B4CEA297}.Debug|x64.Build.0 = Debug|Any CPU
		{1CD5EBB4-6169-465A-BDC4-CA60B4CEA297}.Debug|x86.ActiveCfg = Debug|Any CPU
		{1CD5EBB4-6169-465A-BDC4-CA60B4CEA297}.Debug|x86.Build.0 = Debug|Any CPU
		{1CD5EBB4-6169-465A-BDC4-CA60B4CEA297}.Release|Any CPU.ActiveCfg = Release|Any CPU
		{1CD5EBB4-6169-465A-BDC4-CA60B4CEA297}.Release|Any CPU.Build.0 = Release|Any CPU
		{1CD5EBB4-6169-465A-BDC4-CA60B4CEA297}.Release|ARM.ActiveCfg = Release|Any CPU
		{1CD5EBB4-6169-465A-BDC4-CA60B4CEA297}.Release|ARM.Build.0 = Release|Any CPU
		{1CD5EBB4-6169-465A-BDC4-CA60B4CEA297}.Release|x64.ActiveCfg = Release|Any CPU
		{1CD5EBB4-6169-465A-BDC4-CA60B4CEA297}.Release|x64.Build.0 = Release|Any CPU
		{1CD5EBB4-6169-465A-BDC4-CA60B4CEA297}.Release|x86.ActiveCfg = Release|Any CPU
		{1CD5EBB4-6169-465A-BDC4-CA60B4CEA297}.Release|x86.Build.0 = Release|Any CPU
		{17EB81E5-9FBB-4616-8306-2A274112D942}.Debug|Any CPU.ActiveCfg = Debug|Any CPU
		{17EB81E5-9FBB-4616-8306-2A274112D942}.Debug|Any CPU.Build.0 = Debug|Any CPU
		{17EB81E5-9FBB-4616-8306-2A274112D942}.Debug|ARM.ActiveCfg = Debug|Any CPU
		{17EB81E5-9FBB-4616-8306-2A274112D942}.Debug|ARM.Build.0 = Debug|Any CPU
		{17EB81E5-9FBB-4616-8306-2A274112D942}.Debug|x64.ActiveCfg = Debug|Any CPU
		{17EB81E5-9FBB-4616-8306-2A274112D942}.Debug|x64.Build.0 = Debug|Any CPU
		{17EB81E5-9FBB-4616-8306-2A274112D942}.Debug|x86.ActiveCfg = Debug|Any CPU
		{17EB81E5-9FBB-4616-8306-2A274112D942}.Debug|x86.Build.0 = Debug|Any CPU
		{17EB81E5-9FBB-4616-8306-2A274112D942}.Release|Any CPU.ActiveCfg = Release|Any CPU
		{17EB81E5-9FBB-4616-8306-2A274112D942}.Release|Any CPU.Build.0 = Release|Any CPU
		{17EB81E5-9FBB-4616-8306-2A274112D942}.Release|ARM.ActiveCfg = Release|Any CPU
		{17EB81E5-9FBB-4616-8306-2A274112D942}.Release|ARM.Build.0 = Release|Any CPU
		{17EB81E5-9FBB-4616-8306-2A274112D942}.Release|x64.ActiveCfg = Release|Any CPU
		{17EB81E5-9FBB-4616-8306-2A274112D942}.Release|x64.Build.0 = Release|Any CPU
		{17EB81E5-9FBB-4616-8306-2A274112D942}.Release|x86.ActiveCfg = Release|Any CPU
		{17EB81E5-9FBB-4616-8306-2A274112D942}.Release|x86.Build.0 = Release|Any CPU
		{43F4B94A-8DED-4496-B292-F919326C9A5B}.Debug|Any CPU.ActiveCfg = Debug|Any CPU
		{43F4B94A-8DED-4496-B292-F919326C9A5B}.Debug|Any CPU.Build.0 = Debug|Any CPU
		{43F4B94A-8DED-4496-B292-F919326C9A5B}.Debug|ARM.ActiveCfg = Debug|Any CPU
		{43F4B94A-8DED-4496-B292-F919326C9A5B}.Debug|ARM.Build.0 = Debug|Any CPU
		{43F4B94A-8DED-4496-B292-F919326C9A5B}.Debug|x64.ActiveCfg = Debug|Any CPU
		{43F4B94A-8DED-4496-B292-F919326C9A5B}.Debug|x64.Build.0 = Debug|Any CPU
		{43F4B94A-8DED-4496-B292-F919326C9A5B}.Debug|x86.ActiveCfg = Debug|Any CPU
		{43F4B94A-8DED-4496-B292-F919326C9A5B}.Debug|x86.Build.0 = Debug|Any CPU
		{43F4B94A-8DED-4496-B292-F919326C9A5B}.Release|Any CPU.ActiveCfg = Release|Any CPU
		{43F4B94A-8DED-4496-B292-F919326C9A5B}.Release|Any CPU.Build.0 = Release|Any CPU
		{43F4B94A-8DED-4496-B292-F919326C9A5B}.Release|ARM.ActiveCfg = Release|Any CPU
		{43F4B94A-8DED-4496-B292-F919326C9A5B}.Release|ARM.Build.0 = Release|Any CPU
		{43F4B94A-8DED-4496-B292-F919326C9A5B}.Release|x64.ActiveCfg = Release|Any CPU
		{43F4B94A-8DED-4496-B292-F919326C9A5B}.Release|x64.Build.0 = Release|Any CPU
		{43F4B94A-8DED-4496-B292-F919326C9A5B}.Release|x86.ActiveCfg = Release|Any CPU
		{43F4B94A-8DED-4496-B292-F919326C9A5B}.Release|x86.Build.0 = Release|Any CPU
		{431C59B0-2D41-4DAC-BB7D-11327D237853}.Debug|Any CPU.ActiveCfg = Debug|Any CPU
		{431C59B0-2D41-4DAC-BB7D-11327D237853}.Debug|Any CPU.Build.0 = Debug|Any CPU
		{431C59B0-2D41-4DAC-BB7D-11327D237853}.Debug|ARM.ActiveCfg = Debug|Any CPU
		{431C59B0-2D41-4DAC-BB7D-11327D237853}.Debug|ARM.Build.0 = Debug|Any CPU
		{431C59B0-2D41-4DAC-BB7D-11327D237853}.Debug|x64.ActiveCfg = Debug|Any CPU
		{431C59B0-2D41-4DAC-BB7D-11327D237853}.Debug|x64.Build.0 = Debug|Any CPU
		{431C59B0-2D41-4DAC-BB7D-11327D237853}.Debug|x86.ActiveCfg = Debug|Any CPU
		{431C59B0-2D41-4DAC-BB7D-11327D237853}.Debug|x86.Build.0 = Debug|Any CPU
		{431C59B0-2D41-4DAC-BB7D-11327D237853}.Release|Any CPU.ActiveCfg = Release|Any CPU
		{431C59B0-2D41-4DAC-BB7D-11327D237853}.Release|Any CPU.Build.0 = Release|Any CPU
		{431C59B0-2D41-4DAC-BB7D-11327D237853}.Release|ARM.ActiveCfg = Release|Any CPU
		{431C59B0-2D41-4DAC-BB7D-11327D237853}.Release|ARM.Build.0 = Release|Any CPU
		{431C59B0-2D41-4DAC-BB7D-11327D237853}.Release|x64.ActiveCfg = Release|Any CPU
		{431C59B0-2D41-4DAC-BB7D-11327D237853}.Release|x64.Build.0 = Release|Any CPU
		{431C59B0-2D41-4DAC-BB7D-11327D237853}.Release|x86.ActiveCfg = Release|Any CPU
		{431C59B0-2D41-4DAC-BB7D-11327D237853}.Release|x86.Build.0 = Release|Any CPU
		{06E8056B-15E5-4E92-A05E-A99C02C304B8}.Debug|Any CPU.ActiveCfg = Debug|Any CPU
		{06E8056B-15E5-4E92-A05E-A99C02C304B8}.Debug|Any CPU.Build.0 = Debug|Any CPU
		{06E8056B-15E5-4E92-A05E-A99C02C304B8}.Debug|ARM.ActiveCfg = Debug|Any CPU
		{06E8056B-15E5-4E92-A05E-A99C02C304B8}.Debug|ARM.Build.0 = Debug|Any CPU
		{06E8056B-15E5-4E92-A05E-A99C02C304B8}.Debug|x64.ActiveCfg = Debug|Any CPU
		{06E8056B-15E5-4E92-A05E-A99C02C304B8}.Debug|x64.Build.0 = Debug|Any CPU
		{06E8056B-15E5-4E92-A05E-A99C02C304B8}.Debug|x86.ActiveCfg = Debug|Any CPU
		{06E8056B-15E5-4E92-A05E-A99C02C304B8}.Debug|x86.Build.0 = Debug|Any CPU
		{06E8056B-15E5-4E92-A05E-A99C02C304B8}.Release|Any CPU.ActiveCfg = Release|Any CPU
		{06E8056B-15E5-4E92-A05E-A99C02C304B8}.Release|Any CPU.Build.0 = Release|Any CPU
		{06E8056B-15E5-4E92-A05E-A99C02C304B8}.Release|ARM.ActiveCfg = Release|Any CPU
		{06E8056B-15E5-4E92-A05E-A99C02C304B8}.Release|ARM.Build.0 = Release|Any CPU
		{06E8056B-15E5-4E92-A05E-A99C02C304B8}.Release|x64.ActiveCfg = Release|Any CPU
		{06E8056B-15E5-4E92-A05E-A99C02C304B8}.Release|x64.Build.0 = Release|Any CPU
		{06E8056B-15E5-4E92-A05E-A99C02C304B8}.Release|x86.ActiveCfg = Release|Any CPU
		{06E8056B-15E5-4E92-A05E-A99C02C304B8}.Release|x86.Build.0 = Release|Any CPU
		{42096CA0-8A8B-437A-9516-CC38329533AC}.Debug|Any CPU.ActiveCfg = Debug|Any CPU
		{42096CA0-8A8B-437A-9516-CC38329533AC}.Debug|Any CPU.Build.0 = Debug|Any CPU
		{42096CA0-8A8B-437A-9516-CC38329533AC}.Debug|ARM.ActiveCfg = Debug|Any CPU
		{42096CA0-8A8B-437A-9516-CC38329533AC}.Debug|ARM.Build.0 = Debug|Any CPU
		{42096CA0-8A8B-437A-9516-CC38329533AC}.Debug|x64.ActiveCfg = Debug|Any CPU
		{42096CA0-8A8B-437A-9516-CC38329533AC}.Debug|x64.Build.0 = Debug|Any CPU
		{42096CA0-8A8B-437A-9516-CC38329533AC}.Debug|x86.ActiveCfg = Debug|Any CPU
		{42096CA0-8A8B-437A-9516-CC38329533AC}.Debug|x86.Build.0 = Debug|Any CPU
		{42096CA0-8A8B-437A-9516-CC38329533AC}.Release|Any CPU.ActiveCfg = Release|Any CPU
		{42096CA0-8A8B-437A-9516-CC38329533AC}.Release|Any CPU.Build.0 = Release|Any CPU
		{42096CA0-8A8B-437A-9516-CC38329533AC}.Release|ARM.ActiveCfg = Release|Any CPU
		{42096CA0-8A8B-437A-9516-CC38329533AC}.Release|ARM.Build.0 = Release|Any CPU
		{42096CA0-8A8B-437A-9516-CC38329533AC}.Release|x64.ActiveCfg = Release|Any CPU
		{42096CA0-8A8B-437A-9516-CC38329533AC}.Release|x64.Build.0 = Release|Any CPU
		{42096CA0-8A8B-437A-9516-CC38329533AC}.Release|x86.ActiveCfg = Release|Any CPU
		{42096CA0-8A8B-437A-9516-CC38329533AC}.Release|x86.Build.0 = Release|Any CPU
		{A8C9112F-AA2C-4EA8-B6C2-18D1C9C941B2}.Debug|Any CPU.ActiveCfg = Debug|Any CPU
		{A8C9112F-AA2C-4EA8-B6C2-18D1C9C941B2}.Debug|Any CPU.Build.0 = Debug|Any CPU
		{A8C9112F-AA2C-4EA8-B6C2-18D1C9C941B2}.Debug|ARM.ActiveCfg = Debug|Any CPU
		{A8C9112F-AA2C-4EA8-B6C2-18D1C9C941B2}.Debug|ARM.Build.0 = Debug|Any CPU
		{A8C9112F-AA2C-4EA8-B6C2-18D1C9C941B2}.Debug|x64.ActiveCfg = Debug|Any CPU
		{A8C9112F-AA2C-4EA8-B6C2-18D1C9C941B2}.Debug|x64.Build.0 = Debug|Any CPU
		{A8C9112F-AA2C-4EA8-B6C2-18D1C9C941B2}.Debug|x86.ActiveCfg = Debug|Any CPU
		{A8C9112F-AA2C-4EA8-B6C2-18D1C9C941B2}.Debug|x86.Build.0 = Debug|Any CPU
		{A8C9112F-AA2C-4EA8-B6C2-18D1C9C941B2}.Release|Any CPU.ActiveCfg = Release|Any CPU
		{A8C9112F-AA2C-4EA8-B6C2-18D1C9C941B2}.Release|Any CPU.Build.0 = Release|Any CPU
		{A8C9112F-AA2C-4EA8-B6C2-18D1C9C941B2}.Release|ARM.ActiveCfg = Release|Any CPU
		{A8C9112F-AA2C-4EA8-B6C2-18D1C9C941B2}.Release|ARM.Build.0 = Release|Any CPU
		{A8C9112F-AA2C-4EA8-B6C2-18D1C9C941B2}.Release|x64.ActiveCfg = Release|Any CPU
		{A8C9112F-AA2C-4EA8-B6C2-18D1C9C941B2}.Release|x64.Build.0 = Release|Any CPU
		{A8C9112F-AA2C-4EA8-B6C2-18D1C9C941B2}.Release|x86.ActiveCfg = Release|Any CPU
		{A8C9112F-AA2C-4EA8-B6C2-18D1C9C941B2}.Release|x86.Build.0 = Release|Any CPU
		{EA037052-B23E-47DA-AE8C-B0A8E2E9E802}.Debug|Any CPU.ActiveCfg = Debug|Any CPU
		{EA037052-B23E-47DA-AE8C-B0A8E2E9E802}.Debug|Any CPU.Build.0 = Debug|Any CPU
		{EA037052-B23E-47DA-AE8C-B0A8E2E9E802}.Debug|ARM.ActiveCfg = Debug|Any CPU
		{EA037052-B23E-47DA-AE8C-B0A8E2E9E802}.Debug|ARM.Build.0 = Debug|Any CPU
		{EA037052-B23E-47DA-AE8C-B0A8E2E9E802}.Debug|x64.ActiveCfg = Debug|Any CPU
		{EA037052-B23E-47DA-AE8C-B0A8E2E9E802}.Debug|x64.Build.0 = Debug|Any CPU
		{EA037052-B23E-47DA-AE8C-B0A8E2E9E802}.Debug|x86.ActiveCfg = Debug|Any CPU
		{EA037052-B23E-47DA-AE8C-B0A8E2E9E802}.Debug|x86.Build.0 = Debug|Any CPU
		{EA037052-B23E-47DA-AE8C-B0A8E2E9E802}.Release|Any CPU.ActiveCfg = Release|Any CPU
		{EA037052-B23E-47DA-AE8C-B0A8E2E9E802}.Release|Any CPU.Build.0 = Release|Any CPU
		{EA037052-B23E-47DA-AE8C-B0A8E2E9E802}.Release|ARM.ActiveCfg = Release|Any CPU
		{EA037052-B23E-47DA-AE8C-B0A8E2E9E802}.Release|ARM.Build.0 = Release|Any CPU
		{EA037052-B23E-47DA-AE8C-B0A8E2E9E802}.Release|x64.ActiveCfg = Release|Any CPU
		{EA037052-B23E-47DA-AE8C-B0A8E2E9E802}.Release|x64.Build.0 = Release|Any CPU
		{EA037052-B23E-47DA-AE8C-B0A8E2E9E802}.Release|x86.ActiveCfg = Release|Any CPU
		{EA037052-B23E-47DA-AE8C-B0A8E2E9E802}.Release|x86.Build.0 = Release|Any CPU
		{1F18AAB6-C8A9-44EA-83EC-1812BB3B575E}.Debug|Any CPU.ActiveCfg = Debug|Any CPU
		{1F18AAB6-C8A9-44EA-83EC-1812BB3B575E}.Debug|Any CPU.Build.0 = Debug|Any CPU
		{1F18AAB6-C8A9-44EA-83EC-1812BB3B575E}.Debug|ARM.ActiveCfg = Debug|Any CPU
		{1F18AAB6-C8A9-44EA-83EC-1812BB3B575E}.Debug|ARM.Build.0 = Debug|Any CPU
		{1F18AAB6-C8A9-44EA-83EC-1812BB3B575E}.Debug|x64.ActiveCfg = Debug|Any CPU
		{1F18AAB6-C8A9-44EA-83EC-1812BB3B575E}.Debug|x64.Build.0 = Debug|Any CPU
		{1F18AAB6-C8A9-44EA-83EC-1812BB3B575E}.Debug|x86.ActiveCfg = Debug|Any CPU
		{1F18AAB6-C8A9-44EA-83EC-1812BB3B575E}.Debug|x86.Build.0 = Debug|Any CPU
		{1F18AAB6-C8A9-44EA-83EC-1812BB3B575E}.Release|Any CPU.ActiveCfg = Release|Any CPU
		{1F18AAB6-C8A9-44EA-83EC-1812BB3B575E}.Release|Any CPU.Build.0 = Release|Any CPU
		{1F18AAB6-C8A9-44EA-83EC-1812BB3B575E}.Release|ARM.ActiveCfg = Release|Any CPU
		{1F18AAB6-C8A9-44EA-83EC-1812BB3B575E}.Release|ARM.Build.0 = Release|Any CPU
		{1F18AAB6-C8A9-44EA-83EC-1812BB3B575E}.Release|x64.ActiveCfg = Release|Any CPU
		{1F18AAB6-C8A9-44EA-83EC-1812BB3B575E}.Release|x64.Build.0 = Release|Any CPU
		{1F18AAB6-C8A9-44EA-83EC-1812BB3B575E}.Release|x86.ActiveCfg = Release|Any CPU
		{1F18AAB6-C8A9-44EA-83EC-1812BB3B575E}.Release|x86.Build.0 = Release|Any CPU
		{9D3D6633-42A0-41B1-80C0-13032CEA38FA}.Debug|Any CPU.ActiveCfg = Debug|Any CPU
		{9D3D6633-42A0-41B1-80C0-13032CEA38FA}.Debug|Any CPU.Build.0 = Debug|Any CPU
		{9D3D6633-42A0-41B1-80C0-13032CEA38FA}.Debug|ARM.ActiveCfg = Debug|Any CPU
		{9D3D6633-42A0-41B1-80C0-13032CEA38FA}.Debug|ARM.Build.0 = Debug|Any CPU
		{9D3D6633-42A0-41B1-80C0-13032CEA38FA}.Debug|x64.ActiveCfg = Debug|Any CPU
		{9D3D6633-42A0-41B1-80C0-13032CEA38FA}.Debug|x64.Build.0 = Debug|Any CPU
		{9D3D6633-42A0-41B1-80C0-13032CEA38FA}.Debug|x86.ActiveCfg = Debug|Any CPU
		{9D3D6633-42A0-41B1-80C0-13032CEA38FA}.Debug|x86.Build.0 = Debug|Any CPU
		{9D3D6633-42A0-41B1-80C0-13032CEA38FA}.Release|Any CPU.ActiveCfg = Release|Any CPU
		{9D3D6633-42A0-41B1-80C0-13032CEA38FA}.Release|Any CPU.Build.0 = Release|Any CPU
		{9D3D6633-42A0-41B1-80C0-13032CEA38FA}.Release|ARM.ActiveCfg = Release|Any CPU
		{9D3D6633-42A0-41B1-80C0-13032CEA38FA}.Release|ARM.Build.0 = Release|Any CPU
		{9D3D6633-42A0-41B1-80C0-13032CEA38FA}.Release|x64.ActiveCfg = Release|Any CPU
		{9D3D6633-42A0-41B1-80C0-13032CEA38FA}.Release|x64.Build.0 = Release|Any CPU
		{9D3D6633-42A0-41B1-80C0-13032CEA38FA}.Release|x86.ActiveCfg = Release|Any CPU
		{9D3D6633-42A0-41B1-80C0-13032CEA38FA}.Release|x86.Build.0 = Release|Any CPU
		{8567CB70-E39D-44AE-9A9E-838724B65D54}.Debug|Any CPU.ActiveCfg = Debug|Any CPU
		{8567CB70-E39D-44AE-9A9E-838724B65D54}.Debug|Any CPU.Build.0 = Debug|Any CPU
		{8567CB70-E39D-44AE-9A9E-838724B65D54}.Debug|ARM.ActiveCfg = Debug|Any CPU
		{8567CB70-E39D-44AE-9A9E-838724B65D54}.Debug|ARM.Build.0 = Debug|Any CPU
		{8567CB70-E39D-44AE-9A9E-838724B65D54}.Debug|x64.ActiveCfg = Debug|Any CPU
		{8567CB70-E39D-44AE-9A9E-838724B65D54}.Debug|x64.Build.0 = Debug|Any CPU
		{8567CB70-E39D-44AE-9A9E-838724B65D54}.Debug|x86.ActiveCfg = Debug|Any CPU
		{8567CB70-E39D-44AE-9A9E-838724B65D54}.Debug|x86.Build.0 = Debug|Any CPU
		{8567CB70-E39D-44AE-9A9E-838724B65D54}.Release|Any CPU.ActiveCfg = Release|Any CPU
		{8567CB70-E39D-44AE-9A9E-838724B65D54}.Release|Any CPU.Build.0 = Release|Any CPU
		{8567CB70-E39D-44AE-9A9E-838724B65D54}.Release|ARM.ActiveCfg = Release|Any CPU
		{8567CB70-E39D-44AE-9A9E-838724B65D54}.Release|ARM.Build.0 = Release|Any CPU
		{8567CB70-E39D-44AE-9A9E-838724B65D54}.Release|x64.ActiveCfg = Release|Any CPU
		{8567CB70-E39D-44AE-9A9E-838724B65D54}.Release|x64.Build.0 = Release|Any CPU
		{8567CB70-E39D-44AE-9A9E-838724B65D54}.Release|x86.ActiveCfg = Release|Any CPU
		{8567CB70-E39D-44AE-9A9E-838724B65D54}.Release|x86.Build.0 = Release|Any CPU
		{9EB61679-D9AE-4338-91CE-0E93CA216A24}.Debug|Any CPU.ActiveCfg = Debug|Any CPU
		{9EB61679-D9AE-4338-91CE-0E93CA216A24}.Debug|Any CPU.Build.0 = Debug|Any CPU
		{9EB61679-D9AE-4338-91CE-0E93CA216A24}.Debug|ARM.ActiveCfg = Debug|Any CPU
		{9EB61679-D9AE-4338-91CE-0E93CA216A24}.Debug|ARM.Build.0 = Debug|Any CPU
		{9EB61679-D9AE-4338-91CE-0E93CA216A24}.Debug|x64.ActiveCfg = Debug|Any CPU
		{9EB61679-D9AE-4338-91CE-0E93CA216A24}.Debug|x64.Build.0 = Debug|Any CPU
		{9EB61679-D9AE-4338-91CE-0E93CA216A24}.Debug|x86.ActiveCfg = Debug|Any CPU
		{9EB61679-D9AE-4338-91CE-0E93CA216A24}.Debug|x86.Build.0 = Debug|Any CPU
		{9EB61679-D9AE-4338-91CE-0E93CA216A24}.Release|Any CPU.ActiveCfg = Release|Any CPU
		{9EB61679-D9AE-4338-91CE-0E93CA216A24}.Release|Any CPU.Build.0 = Release|Any CPU
		{9EB61679-D9AE-4338-91CE-0E93CA216A24}.Release|ARM.ActiveCfg = Release|Any CPU
		{9EB61679-D9AE-4338-91CE-0E93CA216A24}.Release|ARM.Build.0 = Release|Any CPU
		{9EB61679-D9AE-4338-91CE-0E93CA216A24}.Release|x64.ActiveCfg = Release|Any CPU
		{9EB61679-D9AE-4338-91CE-0E93CA216A24}.Release|x64.Build.0 = Release|Any CPU
		{9EB61679-D9AE-4338-91CE-0E93CA216A24}.Release|x86.ActiveCfg = Release|Any CPU
		{9EB61679-D9AE-4338-91CE-0E93CA216A24}.Release|x86.Build.0 = Release|Any CPU
	EndGlobalSection
	GlobalSection(SolutionProperties) = preSolution
		HideSolutionNode = FALSE
	EndGlobalSection
	GlobalSection(NestedProjects) = preSolution
		{431C59B0-2D41-4DAC-BB7D-11327D237853} = {3C7CBA92-4708-4785-BD67-5F629AA9DC77}
		{06E8056B-15E5-4E92-A05E-A99C02C304B8} = {3C7CBA92-4708-4785-BD67-5F629AA9DC77}
		{42096CA0-8A8B-437A-9516-CC38329533AC} = {7C998D82-9B1D-4BA3-A4AC-0363D6831462}
		{A8C9112F-AA2C-4EA8-B6C2-18D1C9C941B2} = {EEC523C0-9162-4A22-8901-CDB8E07C2B76}
		{EA037052-B23E-47DA-AE8C-B0A8E2E9E802} = {2B05FCAA-4F79-434C-8610-93D7049F908E}
		{1F18AAB6-C8A9-44EA-83EC-1812BB3B575E} = {2E92946E-3DF4-4B22-BBF6-850E0BA57A48}
		{9D3D6633-42A0-41B1-80C0-13032CEA38FA} = {7C998D82-9B1D-4BA3-A4AC-0363D6831462}
		{8567CB70-E39D-44AE-9A9E-838724B65D54} = {2B05FCAA-4F79-434C-8610-93D7049F908E}
		{9EB61679-D9AE-4338-91CE-0E93CA216A24} = {276FC8CA-833E-42C9-BEDB-AF20945BCCB2}
	EndGlobalSection
	GlobalSection(ExtensibilityGlobals) = postSolution
		SolutionGuid = {E7E397B0-2C6C-4B31-892A-A4574B26207C}
	EndGlobalSection
EndGlobal
